// !$*UTF8*$!
{
	archiveVersion = 1;
	classes = {
	};
	objectVersion = 46;
	objects = {

/* Begin PBXBuildFile section */
		37A4F967170E1E73001C5F13 /* UIKit.framework in Frameworks */ = {isa = PBXBuildFile; fileRef = 37A4F966170E1E73001C5F13 /* UIKit.framework */; };
		37A4F969170E1E73001C5F13 /* Foundation.framework in Frameworks */ = {isa = PBXBuildFile; fileRef = 37A4F968170E1E73001C5F13 /* Foundation.framework */; };
		37A4F96B170E1E73001C5F13 /* CoreGraphics.framework in Frameworks */ = {isa = PBXBuildFile; fileRef = 37A4F96A170E1E73001C5F13 /* CoreGraphics.framework */; };
		37A4F977170E1E73001C5F13 /* LoginCustomComponentAppDelegate.m in Sources */ = {isa = PBXBuildFile; fileRef = 37A4F976170E1E73001C5F13 /* LoginCustomComponentAppDelegate.m */; };
		FA651A4717133AC900AB1B55 /* LoginControllerProgram.m in Sources */ = {isa = PBXBuildFile; fileRef = FA651A4117133AC900AB1B55 /* LoginControllerProgram.m */; };
		FA651A4817133AC900AB1B55 /* LoginControllerProgram.xib in Resources */ = {isa = PBXBuildFile; fileRef = FA651A4217133AC900AB1B55 /* LoginControllerProgram.xib */; };
		FA651A5B17133DD900AB1B55 /* buttonOff.png in Resources */ = {isa = PBXBuildFile; fileRef = FA651A5617133DD900AB1B55 /* buttonOff.png */; };
		FA651A5C17133DD900AB1B55 /* buttonOn.png in Resources */ = {isa = PBXBuildFile; fileRef = FA651A5717133DD900AB1B55 /* buttonOn.png */; };
		FA651A5D17133DD900AB1B55 /* LoginCustomComponentViewController.m in Sources */ = {isa = PBXBuildFile; fileRef = FA651A5917133DD900AB1B55 /* LoginCustomComponentViewController.m */; };
		FA651A5E17133DD900AB1B55 /* LoginCustomComponentViewController.xib in Resources */ = {isa = PBXBuildFile; fileRef = FA651A5A17133DD900AB1B55 /* LoginCustomComponentViewController.xib */; };
		FA651A6417133DF900AB1B55 /* main.m in Sources */ = {isa = PBXBuildFile; fileRef = FA651A6217133DF900AB1B55 /* main.m */; };
		FA651A6917133E0B00AB1B55 /* Default-568h@2x.png in Resources */ = {isa = PBXBuildFile; fileRef = FA651A6617133E0B00AB1B55 /* Default-568h@2x.png */; };
		FA651A6A17133E0B00AB1B55 /* Default.png in Resources */ = {isa = PBXBuildFile; fileRef = FA651A6717133E0B00AB1B55 /* Default.png */; };
		FA651A6B17133E0B00AB1B55 /* Default@2x.png in Resources */ = {isa = PBXBuildFile; fileRef = FA651A6817133E0B00AB1B55 /* Default@2x.png */; };
		FA6EB558171CB27B00D47FDF /* Screen1.png in Resources */ = {isa = PBXBuildFile; fileRef = FA6EB553171CB27B00D47FDF /* Screen1.png */; };
		FA6EB559171CB27B00D47FDF /* Screen2.png in Resources */ = {isa = PBXBuildFile; fileRef = FA6EB554171CB27B00D47FDF /* Screen2.png */; };
		FA6EB55A171CB27B00D47FDF /* Screen3.png in Resources */ = {isa = PBXBuildFile; fileRef = FA6EB555171CB27B00D47FDF /* Screen3.png */; };
		FA6EB55B171CB27B00D47FDF /* LICENSE.TXT in Resources */ = {isa = PBXBuildFile; fileRef = FA6EB556171CB27B00D47FDF /* LICENSE.TXT */; };
		FA6EB55C171CB27B00D47FDF /* README.md in Resources */ = {isa = PBXBuildFile; fileRef = FA6EB557171CB27B00D47FDF /* README.md */; };
/* End PBXBuildFile section */

/* Begin PBXFileReference section */
		37A4F963170E1E73001C5F13 /* LoginCustomComponent.app */ = {isa = PBXFileReference; explicitFileType = wrapper.application; includeInIndex = 0; path = LoginCustomComponent.app; sourceTree = BUILT_PRODUCTS_DIR; };
		37A4F966170E1E73001C5F13 /* UIKit.framework */ = {isa = PBXFileReference; lastKnownFileType = wrapper.framework; name = UIKit.framework; path = System/Library/Frameworks/UIKit.framework; sourceTree = SDKROOT; };
		37A4F968170E1E73001C5F13 /* Foundation.framework */ = {isa = PBXFileReference; lastKnownFileType = wrapper.framework; name = Foundation.framework; path = System/Library/Frameworks/Foundation.framework; sourceTree = SDKROOT; };
		37A4F96A170E1E73001C5F13 /* CoreGraphics.framework */ = {isa = PBXFileReference; lastKnownFileType = wrapper.framework; name = CoreGraphics.framework; path = System/Library/Frameworks/CoreGraphics.framework; sourceTree = SDKROOT; };
		37A4F975170E1E73001C5F13 /* LoginCustomComponentAppDelegate.h */ = {isa = PBXFileReference; lastKnownFileType = sourcecode.c.h; name = LoginCustomComponentAppDelegate.h; path = LoginCustomComponent/LoginCustomComponentAppDelegate.h; sourceTree = "<group>"; };
		37A4F976170E1E73001C5F13 /* LoginCustomComponentAppDelegate.m */ = {isa = PBXFileReference; lastKnownFileType = sourcecode.c.objc; name = LoginCustomComponentAppDelegate.m; path = LoginCustomComponent/LoginCustomComponentAppDelegate.m; sourceTree = "<group>"; };
		FA651A4017133AC900AB1B55 /* LoginControllerProgram.h */ = {isa = PBXFileReference; fileEncoding = 4; lastKnownFileType = sourcecode.c.h; path = LoginControllerProgram.h; sourceTree = "<group>"; };
		FA651A4117133AC900AB1B55 /* LoginControllerProgram.m */ = {isa = PBXFileReference; fileEncoding = 4; lastKnownFileType = sourcecode.c.objc; path = LoginControllerProgram.m; sourceTree = "<group>"; };
		FA651A4217133AC900AB1B55 /* LoginControllerProgram.xib */ = {isa = PBXFileReference; fileEncoding = 4; lastKnownFileType = file.xib; path = LoginControllerProgram.xib; sourceTree = "<group>"; };
		FA651A5617133DD900AB1B55 /* buttonOff.png */ = {isa = PBXFileReference; lastKnownFileType = image.png; path = buttonOff.png; sourceTree = "<group>"; };
		FA651A5717133DD900AB1B55 /* buttonOn.png */ = {isa = PBXFileReference; lastKnownFileType = image.png; path = buttonOn.png; sourceTree = "<group>"; };
		FA651A5817133DD900AB1B55 /* LoginCustomComponentViewController.h */ = {isa = PBXFileReference; fileEncoding = 4; lastKnownFileType = sourcecode.c.h; path = LoginCustomComponentViewController.h; sourceTree = "<group>"; };
		FA651A5917133DD900AB1B55 /* LoginCustomComponentViewController.m */ = {isa = PBXFileReference; fileEncoding = 4; lastKnownFileType = sourcecode.c.objc; path = LoginCustomComponentViewController.m; sourceTree = "<group>"; };
		FA651A5A17133DD900AB1B55 /* LoginCustomComponentViewController.xib */ = {isa = PBXFileReference; fileEncoding = 4; lastKnownFileType = file.xib; path = LoginCustomComponentViewController.xib; sourceTree = "<group>"; };
		FA651A6117133DF900AB1B55 /* LoginCustomComponent-Prefix.pch */ = {isa = PBXFileReference; fileEncoding = 4; lastKnownFileType = sourcecode.c.h; name = "LoginCustomComponent-Prefix.pch"; path = "LoginCustomComponent/LoginCustomComponent-Prefix.pch"; sourceTree = "<group>"; };
		FA651A6217133DF900AB1B55 /* main.m */ = {isa = PBXFileReference; fileEncoding = 4; lastKnownFileType = sourcecode.c.objc; name = main.m; path = LoginCustomComponent/main.m; sourceTree = "<group>"; };
		FA651A6617133E0B00AB1B55 /* Default-568h@2x.png */ = {isa = PBXFileReference; lastKnownFileType = image.png; name = "Default-568h@2x.png"; path = "LoginCustomComponent/Default-568h@2x.png"; sourceTree = "<group>"; };
		FA651A6717133E0B00AB1B55 /* Default.png */ = {isa = PBXFileReference; lastKnownFileType = image.png; name = Default.png; path = LoginCustomComponent/Default.png; sourceTree = "<group>"; };
		FA651A6817133E0B00AB1B55 /* Default@2x.png */ = {isa = PBXFileReference; lastKnownFileType = image.png; name = "Default@2x.png"; path = "LoginCustomComponent/Default@2x.png"; sourceTree = "<group>"; };
		FA6EB551171C553700D47FDF /* LoginCustomComponent-Info.plist */ = {isa = PBXFileReference; lastKnownFileType = text.plist.xml; name = "LoginCustomComponent-Info.plist"; path = "LoginCustomComponent/LoginCustomComponent-Info.plist"; sourceTree = "<group>"; };
		FA6EB553171CB27B00D47FDF /* Screen1.png */ = {isa = PBXFileReference; lastKnownFileType = image.png; path = Screen1.png; sourceTree = "<group>"; };
		FA6EB554171CB27B00D47FDF /* Screen2.png */ = {isa = PBXFileReference; lastKnownFileType = image.png; path = Screen2.png; sourceTree = "<group>"; };
		FA6EB555171CB27B00D47FDF /* Screen3.png */ = {isa = PBXFileReference; lastKnownFileType = image.png; path = Screen3.png; sourceTree = "<group>"; };
		FA6EB556171CB27B00D47FDF /* LICENSE.TXT */ = {isa = PBXFileReference; fileEncoding = 4; lastKnownFileType = text; path = LICENSE.TXT; sourceTree = "<group>"; };
		FA6EB557171CB27B00D47FDF /* README.md */ = {isa = PBXFileReference; fileEncoding = 4; lastKnownFileType = text; path = README.md; sourceTree = "<group>"; };
/* End PBXFileReference section */

/* Begin PBXFrameworksBuildPhase section */
		37A4F960170E1E73001C5F13 /* Frameworks */ = {
			isa = PBXFrameworksBuildPhase;
			buildActionMask = 2147483647;
			files = (
				37A4F967170E1E73001C5F13 /* UIKit.framework in Frameworks */,
				37A4F969170E1E73001C5F13 /* Foundation.framework in Frameworks */,
				37A4F96B170E1E73001C5F13 /* CoreGraphics.framework in Frameworks */,
			);
			runOnlyForDeploymentPostprocessing = 0;
		};
/* End PBXFrameworksBuildPhase section */

/* Begin PBXGroup section */
		37A4F95A170E1E73001C5F13 = {
			isa = PBXGroup;
			children = (
				FA651A3F17133AC900AB1B55 /* Demo - Controller */,
				FA651A5517133DD900AB1B55 /* LoginComponent */,
				FA651A3E171339CC00AB1B55 /* AppDelegate */,
				FA651A6517133DFE00AB1B55 /* Resources */,
				FA651A5F17133DE400AB1B55 /* Supporting Files */,
				37A4F965170E1E73001C5F13 /* Frameworks */,
				37A4F964170E1E73001C5F13 /* Products */,
			);
			sourceTree = "<group>";
		};
		37A4F964170E1E73001C5F13 /* Products */ = {
			isa = PBXGroup;
			children = (
				37A4F963170E1E73001C5F13 /* LoginCustomComponent.app */,
			);
			name = Products;
			sourceTree = "<group>";
		};
		37A4F965170E1E73001C5F13 /* Frameworks */ = {
			isa = PBXGroup;
			children = (
				37A4F966170E1E73001C5F13 /* UIKit.framework */,
				37A4F968170E1E73001C5F13 /* Foundation.framework */,
				37A4F96A170E1E73001C5F13 /* CoreGraphics.framework */,
			);
			name = Frameworks;
			sourceTree = "<group>";
		};
		FA651A3E171339CC00AB1B55 /* AppDelegate */ = {
			isa = PBXGroup;
			children = (
				37A4F975170E1E73001C5F13 /* LoginCustomComponentAppDelegate.h */,
				37A4F976170E1E73001C5F13 /* LoginCustomComponentAppDelegate.m */,
			);
			name = AppDelegate;
			sourceTree = "<group>";
		};
		FA651A3F17133AC900AB1B55 /* Demo - Controller */ = {
			isa = PBXGroup;
			children = (
				FA651A4017133AC900AB1B55 /* LoginControllerProgram.h */,
				FA651A4117133AC900AB1B55 /* LoginControllerProgram.m */,
				FA651A4217133AC900AB1B55 /* LoginControllerProgram.xib */,
				FA6EB552171CB27B00D47FDF /* demo-screenshots */,
			);
			name = "Demo - Controller";
			path = LoginCustomComponent/Controller;
			sourceTree = "<group>";
		};
		FA651A5517133DD900AB1B55 /* LoginComponent */ = {
			isa = PBXGroup;
			children = (
				FA651A5617133DD900AB1B55 /* buttonOff.png */,
				FA651A5717133DD900AB1B55 /* buttonOn.png */,
				FA651A5817133DD900AB1B55 /* LoginCustomComponentViewController.h */,
				FA651A5917133DD900AB1B55 /* LoginCustomComponentViewController.m */,
				FA651A5A17133DD900AB1B55 /* LoginCustomComponentViewController.xib */,
			);
			name = LoginComponent;
			path = LoginCustomComponent/LoginComponent;
			sourceTree = "<group>";
		};
		FA651A5F17133DE400AB1B55 /* Supporting Files */ = {
			isa = PBXGroup;
			children = (
				FA6EB556171CB27B00D47FDF /* LICENSE.TXT */,
				FA6EB557171CB27B00D47FDF /* README.md */,
				FA6EB551171C553700D47FDF /* LoginCustomComponent-Info.plist */,
				FA651A6117133DF900AB1B55 /* LoginCustomComponent-Prefix.pch */,
				FA651A6217133DF900AB1B55 /* main.m */,
			);
			name = "Supporting Files";
			sourceTree = "<group>";
		};
		FA651A6517133DFE00AB1B55 /* Resources */ = {
			isa = PBXGroup;
			children = (
				FA651A6617133E0B00AB1B55 /* Default-568h@2x.png */,
				FA651A6717133E0B00AB1B55 /* Default.png */,
				FA651A6817133E0B00AB1B55 /* Default@2x.png */,
			);
			name = Resources;
			sourceTree = "<group>";
		};
		FA6EB552171CB27B00D47FDF /* demo-screenshots */ = {
			isa = PBXGroup;
			children = (
				FA6EB553171CB27B00D47FDF /* Screen1.png */,
				FA6EB554171CB27B00D47FDF /* Screen2.png */,
				FA6EB555171CB27B00D47FDF /* Screen3.png */,
			);
			name = "demo-screenshots";
			path = "../../demo-screenshots";
			sourceTree = "<group>";
		};
/* End PBXGroup section */

/* Begin PBXNativeTarget section */
		37A4F962170E1E73001C5F13 /* LoginCustomComponent */ = {
			isa = PBXNativeTarget;
			buildConfigurationList = 37A4F986170E1E74001C5F13 /* Build configuration list for PBXNativeTarget "LoginCustomComponent" */;
			buildPhases = (
				37A4F95F170E1E73001C5F13 /* Sources */,
				37A4F960170E1E73001C5F13 /* Frameworks */,
				37A4F961170E1E73001C5F13 /* Resources */,
			);
			buildRules = (
			);
			dependencies = (
			);
			name = LoginCustomComponent;
			productName = LoginCustomComponent;
			productReference = 37A4F963170E1E73001C5F13 /* LoginCustomComponent.app */;
			productType = "com.apple.product-type.application";
		};
/* End PBXNativeTarget section */

/* Begin PBXProject section */
		37A4F95B170E1E73001C5F13 /* Project object */ = {
			isa = PBXProject;
			attributes = {
				CLASSPREFIX = LoginCustomComponent;
				LastUpgradeCheck = 0460;
				ORGANIZATIONNAME = "Mohit Jain";
			};
			buildConfigurationList = 37A4F95E170E1E73001C5F13 /* Build configuration list for PBXProject "LoginCustomComponent" */;
			compatibilityVersion = "Xcode 3.2";
			developmentRegion = English;
			hasScannedForEncodings = 0;
			knownRegions = (
				en,
			);
			mainGroup = 37A4F95A170E1E73001C5F13;
			productRefGroup = 37A4F964170E1E73001C5F13 /* Products */;
			projectDirPath = "";
			projectRoot = "";
			targets = (
				37A4F962170E1E73001C5F13 /* LoginCustomComponent */,
			);
		};
/* End PBXProject section */

/* Begin PBXResourcesBuildPhase section */
		37A4F961170E1E73001C5F13 /* Resources */ = {
			isa = PBXResourcesBuildPhase;
			buildActionMask = 2147483647;
			files = (
				FA651A4817133AC900AB1B55 /* LoginControllerProgram.xib in Resources */,
				FA651A5B17133DD900AB1B55 /* buttonOff.png in Resources */,
				FA651A5C17133DD900AB1B55 /* buttonOn.png in Resources */,
				FA651A5E17133DD900AB1B55 /* LoginCustomComponentViewController.xib in Resources */,
				FA651A6917133E0B00AB1B55 /* Default-568h@2x.png in Resources */,
				FA651A6A17133E0B00AB1B55 /* Default.png in Resources */,
				FA651A6B17133E0B00AB1B55 /* Default@2x.png in Resources */,
				FA6EB558171CB27B00D47FDF /* Screen1.png in Resources */,
				FA6EB559171CB27B00D47FDF /* Screen2.png in Resources */,
				FA6EB55A171CB27B00D47FDF /* Screen3.png in Resources */,
				FA6EB55B171CB27B00D47FDF /* LICENSE.TXT in Resources */,
				FA6EB55C171CB27B00D47FDF /* README.md in Resources */,
			);
			runOnlyForDeploymentPostprocessing = 0;
		};
/* End PBXResourcesBuildPhase section */

/* Begin PBXSourcesBuildPhase section */
		37A4F95F170E1E73001C5F13 /* Sources */ = {
			isa = PBXSourcesBuildPhase;
			buildActionMask = 2147483647;
			files = (
				37A4F977170E1E73001C5F13 /* LoginCustomComponentAppDelegate.m in Sources */,
				FA651A4717133AC900AB1B55 /* LoginControllerProgram.m in Sources */,
				FA651A5D17133DD900AB1B55 /* LoginCustomComponentViewController.m in Sources */,
				FA651A6417133DF900AB1B55 /* main.m in Sources */,
			);
			runOnlyForDeploymentPostprocessing = 0;
		};
/* End PBXSourcesBuildPhase section */

/* Begin XCBuildConfiguration section */
		37A4F984170E1E74001C5F13 /* Debug */ = {
			isa = XCBuildConfiguration;
			buildSettings = {
				ALWAYS_SEARCH_USER_PATHS = NO;
				CLANG_CXX_LANGUAGE_STANDARD = "gnu++0x";
				CLANG_CXX_LIBRARY = "libc++";
				CLANG_ENABLE_OBJC_ARC = YES;
				CLANG_WARN_CONSTANT_CONVERSION = YES;
				CLANG_WARN_EMPTY_BODY = YES;
				CLANG_WARN_ENUM_CONVERSION = YES;
				CLANG_WARN_INT_CONVERSION = YES;
				CLANG_WARN__DUPLICATE_METHOD_MATCH = YES;
				CODE_SIGN_IDENTITY = "";
				"CODE_SIGN_IDENTITY[sdk=iphoneos*]" = "";
				COPY_PHASE_STRIP = NO;
				GCC_C_LANGUAGE_STANDARD = gnu99;
				GCC_DYNAMIC_NO_PIC = NO;
				GCC_OPTIMIZATION_LEVEL = 0;
				GCC_PREPROCESSOR_DEFINITIONS = (
					"DEBUG=1",
					"$(inherited)",
				);
				GCC_SYMBOLS_PRIVATE_EXTERN = NO;
				GCC_WARN_ABOUT_RETURN_TYPE = YES;
				GCC_WARN_UNINITIALIZED_AUTOS = YES;
				GCC_WARN_UNUSED_VARIABLE = YES;
				IPHONEOS_DEPLOYMENT_TARGET = 6.1;
				ONLY_ACTIVE_ARCH = YES;
				SDKROOT = iphoneos;
			};
			name = Debug;
		};
		37A4F985170E1E74001C5F13 /* Release */ = {
			isa = XCBuildConfiguration;
			buildSettings = {
				ALWAYS_SEARCH_USER_PATHS = NO;
				CLANG_CXX_LANGUAGE_STANDARD = "gnu++0x";
				CLANG_CXX_LIBRARY = "libc++";
				CLANG_ENABLE_OBJC_ARC = YES;
				CLANG_WARN_CONSTANT_CONVERSION = YES;
				CLANG_WARN_EMPTY_BODY = YES;
				CLANG_WARN_ENUM_CONVERSION = YES;
				CLANG_WARN_INT_CONVERSION = YES;
				CLANG_WARN__DUPLICATE_METHOD_MATCH = YES;
				CODE_SIGN_IDENTITY = "";
				"CODE_SIGN_IDENTITY[sdk=iphoneos*]" = "";
				COPY_PHASE_STRIP = YES;
				GCC_C_LANGUAGE_STANDARD = gnu99;
				GCC_WARN_ABOUT_RETURN_TYPE = YES;
				GCC_WARN_UNINITIALIZED_AUTOS = YES;
				GCC_WARN_UNUSED_VARIABLE = YES;
				IPHONEOS_DEPLOYMENT_TARGET = 6.1;
				OTHER_CFLAGS = "-DNS_BLOCK_ASSERTIONS=1";
				SDKROOT = iphoneos;
				VALIDATE_PRODUCT = YES;
			};
			name = Release;
		};
		37A4F987170E1E74001C5F13 /* Debug */ = {
			isa = XCBuildConfiguration;
			buildSettings = {
				GCC_PRECOMPILE_PREFIX_HEADER = YES;
				GCC_PREFIX_HEADER = "LoginCustomComponent/LoginCustomComponent-Prefix.pch";
				INFOPLIST_FILE = "LoginCustomComponent/LoginCustomComponent-Info.plist";
				PRODUCT_NAME = "$(TARGET_NAME)";
				WRAPPER_EXTENSION = app;
			};
			name = Debug;
		};
		37A4F988170E1E74001C5F13 /* Release */ = {
			isa = XCBuildConfiguration;
			buildSettings = {
				GCC_PRECOMPILE_PREFIX_HEADER = YES;
				GCC_PREFIX_HEADER = "LoginCustomComponent/LoginCustomComponent-Prefix.pch";
				INFOPLIST_FILE = "LoginCustomComponent/LoginCustomComponent-Info.plist";
				PRODUCT_NAME = "$(TARGET_NAME)";
				WRAPPER_EXTENSION = app;
			};
			name = Release;
		};
/* End XCBuildConfiguration section */

/* Begin XCConfigurationList section */
		37A4F95E170E1E73001C5F13 /* Build configuration list for PBXProject "LoginCustomComponent" */ = {
			isa = XCConfigurationList;
			buildConfigurations = (
				37A4F984170E1E74001C5F13 /* Debug */,
				37A4F985170E1E74001C5F13 /* Release */,
			);
			defaultConfigurationIsVisible = 0;
			defaultConfigurationName = Release;
		};
		37A4F986170E1E74001C5F13 /* Build configuration list for PBXNativeTarget "LoginCustomComponent" */ = {
			isa = XCConfigurationList;
			buildConfigurations = (
				37A4F987170E1E74001C5F13 /* Debug */,
				37A4F988170E1E74001C5F13 /* Release */,
			);
			defaultConfigurationIsVisible = 0;
			defaultConfigurationName = Release;
		};
/* End XCConfigurationList section */
	};
	rootObject = 37A4F95B170E1E73001C5F13 /* Project object */;
}
